%{"bunt": {:hex, :bunt, "0.2.0", "951c6e801e8b1d2cbe58ebbd3e616a869061ddadcc4863d0a2182541acae9a38", [:mix], [], "hexpm"},
  "chumak": {:hex, :chumak, "1.2.0", "9821e0c6494a22bad8c9f958bf0a48f701ed9a36f2817066b44d05338530bd9d", [:rebar3], [], "hexpm"},
  "credo": {:hex, :credo, "0.8.0", "187ce36098afef67baa503d0bb3ec047953c88e4c662591371d15ae9ce150119", [:mix], [{:bunt, "~> 0.2.0", [hex: :bunt, repo: "hexpm", optional: false]}], "hexpm"},
  "czmq": {:git, "https://github.com/gar1t/erlang-czmq.git", "530c976ee4d0892294ac0468e366ad65c70e6a50", []},
  "msgpax": {:hex, :msgpax, "1.1.0", "e31625e256db2decca1ae2b841f21b4d2483b1332649ce3ebc96c7ff7a4986e3", [:mix], [{:plug, "~> 1.0", [hex: :plug, repo: "hexpm", optional: true]}], "hexpm"},
  "uuid": {:hex, :uuid, "1.1.7", "007afd58273bc0bc7f849c3bdc763e2f8124e83b957e515368c498b641f7ab69", [:mix], [], "hexpm"}}
